
Microsoft Visual Studio Solution File, Format Version 12.00
# Visual Studio Version 17
VisualStudioVersion = 17.11.35312.102
MinimumVisualStudioVersion = 10.0.40219.1
Project("{FAE04EC0-301F-11D3-BF4B-00C04F79EFBC}") = "HelloHypermedia", "HelloHypermedia\HelloHypermedia.csproj", "{B9532E06-0586-47C7-9FC1-129506F17652}"
EndProject
Global
	GlobalSection(SolutionConfigurationPlatforms) = preSolution
		Debug|Any CPU = Debug|Any CPU
		Release|Any CPU = Release|Any CPU
	EndGlobalSection
	GlobalSection(ProjectConfigurationPlatforms) = postSolution
		{B9532E06-0586-47C7-9FC1-129506F17652}.Debug|Any CPU.ActiveCfg = Debug|Any CPU
		{B9532E06-0586-47C7-9FC1-129506F17652}.Debug|Any CPU.Build.0 = Debug|Any CPU
		{B9532E06-0586-47C7-9FC1-129506F17652}.Release|Any CPU.ActiveCfg = Release|Any CPU
		{B9532E06-0586-47C7-9FC1-129506F17652}.Release|Any CPU.Build.0 = Release|Any CPU
	EndGlobalSection
	GlobalSection(SolutionProperties) = preSolution
		HideSolutionNode = FALSE
	EndGlobalSection
	GlobalSection(ExtensibilityGlobals) = postSolution
		SolutionGuid = {142C9B0A-B8A4-4874-B96D-B735DC449CCD}
	EndGlobalSection
EndGlobal
